
Microsoft Visual Studio Solution File, Format Version 12.00
# Visual Studio Version 16
VisualStudioVersion = 16.0.30717.126
MinimumVisualStudioVersion = 10.0.40219.1
Project("{FAE04EC0-301F-11D3-BF4B-00C04F79EFBC}") = "DZ_11", "DZ_11\DZ_11.csproj", "{F88EEC19-54B3-46B7-9484-C7FEE0C3513D}"
EndProject
Global
	GlobalSection(SolutionConfigurationPlatforms) = preSolution
		Debug|Any CPU = Debug|Any CPU
		Release|Any CPU = Release|Any CPU
	EndGlobalSection
	GlobalSection(ProjectConfigurationPlatforms) = postSolution
		{F88EEC19-54B3-46B7-9484-C7FEE0C3513D}.Debug|Any CPU.ActiveCfg = Debug|Any CPU
		{F88EEC19-54B3-46B7-9484-C7FEE0C3513D}.Debug|Any CPU.Build.0 = Debug|Any CPU
		{F88EEC19-54B3-46B7-9484-C7FEE0C3513D}.Release|Any CPU.ActiveCfg = Release|Any CPU
		{F88EEC19-54B3-46B7-9484-C7FEE0C3513D}.Release|Any CPU.Build.0 = Release|Any CPU
	EndGlobalSection
	GlobalSection(SolutionProperties) = preSolution
		HideSolutionNode = FALSE
	EndGlobalSection
	GlobalSection(ExtensibilityGlobals) = postSolution
		SolutionGuid = {E6002E7A-0283-436B-9C3F-F44CBA8948EB}
	EndGlobalSection
EndGlobal
